// !$*UTF8*$!
{
	archiveVersion = 1;
	classes = {
	};
	objectVersion = 46;
	objects = {

/* Begin PBXBuildFile section */
		843C9FFD1B326E1300E97BD4 /* main.m in Sources */ = {isa = PBXBuildFile; fileRef = 843C9FFC1B326E1300E97BD4 /* main.m */; };
		843CA0001B326E1300E97BD4 /* AppDelegate.m in Sources */ = {isa = PBXBuildFile; fileRef = 843C9FFF1B326E1300E97BD4 /* AppDelegate.m */; };
		843CA0031B326E1300E97BD4 /* git__.xcdatamodeld in Sources */ = {isa = PBXBuildFile; fileRef = 843CA0011B326E1300E97BD4 /* git__.xcdatamodeld */; };
		843CA0061B326E1300E97BD4 /* ViewController.m in Sources */ = {isa = PBXBuildFile; fileRef = 843CA0051B326E1300E97BD4 /* ViewController.m */; };
		843CA0091B326E1300E97BD4 /* Main.storyboard in Resources */ = {isa = PBXBuildFile; fileRef = 843CA0071B326E1300E97BD4 /* Main.storyboard */; };
		843CA00B1B326E1300E97BD4 /* Images.xcassets in Resources */ = {isa = PBXBuildFile; fileRef = 843CA00A1B326E1300E97BD4 /* Images.xcassets */; };
		843CA00E1B326E1300E97BD4 /* LaunchScreen.xib in Resources */ = {isa = PBXBuildFile; fileRef = 843CA00C1B326E1300E97BD4 /* LaunchScreen.xib */; };
		843CA01A1B326E1400E97BD4 /* git__Tests.m in Sources */ = {isa = PBXBuildFile; fileRef = 843CA0191B326E1400E97BD4 /* git__Tests.m */; };
/* End PBXBuildFile section */

/* Begin PBXContainerItemProxy section */
		843CA0141B326E1400E97BD4 /* PBXContainerItemProxy */ = {
			isa = PBXContainerItemProxy;
			containerPortal = 843C9FEF1B326E1300E97BD4 /* Project object */;
			proxyType = 1;
			remoteGlobalIDString = 843C9FF61B326E1300E97BD4;
			remoteInfo = "git测试";
		};
/* End PBXContainerItemProxy section */

/* Begin PBXFileReference section */
		843C9FF71B326E1300E97BD4 /* git测试.app */ = {isa = PBXFileReference; explicitFileType = wrapper.application; includeInIndex = 0; path = "git测试.app"; sourceTree = BUILT_PRODUCTS_DIR; };
		843C9FFB1B326E1300E97BD4 /* Info.plist */ = {isa = PBXFileReference; lastKnownFileType = text.plist.xml; path = Info.plist; sourceTree = "<group>"; };
		843C9FFC1B326E1300E97BD4 /* main.m */ = {isa = PBXFileReference; lastKnownFileType = sourcecode.c.objc; path = main.m; sourceTree = "<group>"; };
		843C9FFE1B326E1300E97BD4 /* AppDelegate.h */ = {isa = PBXFileReference; lastKnownFileType = sourcecode.c.h; path = AppDelegate.h; sourceTree = "<group>"; };
		843C9FFF1B326E1300E97BD4 /* AppDelegate.m */ = {isa = PBXFileReference; lastKnownFileType = sourcecode.c.objc; path = AppDelegate.m; sourceTree = "<group>"; };
		843CA0021B326E1300E97BD4 /* git__.xcdatamodel */ = {isa = PBXFileReference; lastKnownFileType = wrapper.xcdatamodel; path = git__.xcdatamodel; sourceTree = "<group>"; };
		843CA0041B326E1300E97BD4 /* ViewController.h */ = {isa = PBXFileReference; lastKnownFileType = sourcecode.c.h; path = ViewController.h; sourceTree = "<group>"; };
		843CA0051B326E1300E97BD4 /* ViewController.m */ = {isa = PBXFileReference; lastKnownFileType = sourcecode.c.objc; path = ViewController.m; sourceTree = "<group>"; };
		843CA0081B326E1300E97BD4 /* Base */ = {isa = PBXFileReference; lastKnownFileType = file.storyboard; name = Base; path = Base.lproj/Main.storyboard; sourceTree = "<group>"; };
		843CA00A1B326E1300E97BD4 /* Images.xcassets */ = {isa = PBXFileReference; lastKnownFileType = folder.assetcatalog; path = Images.xcassets; sourceTree = "<group>"; };
		843CA00D1B326E1300E97BD4 /* Base */ = {isa = PBXFileReference; lastKnownFileType = file.xib; name = Base; path = Base.lproj/LaunchScreen.xib; sourceTree = "<group>"; };
		843CA0131B326E1400E97BD4 /* git测试Tests.xctest */ = {isa = PBXFileReference; explicitFileType = wrapper.cfbundle; includeInIndex = 0; path = "git测试Tests.xctest"; sourceTree = BUILT_PRODUCTS_DIR; };
		843CA0181B326E1400E97BD4 /* Info.plist */ = {isa = PBXFileReference; lastKnownFileType = text.plist.xml; path = Info.plist; sourceTree = "<group>"; };
		843CA0191B326E1400E97BD4 /* git__Tests.m */ = {isa = PBXFileReference; lastKnownFileType = sourcecode.c.objc; path = git__Tests.m; sourceTree = "<group>"; };
/* End PBXFileReference section */

/* Begin PBXFrameworksBuildPhase section */
		843C9FF41B326E1300E97BD4 /* Frameworks */ = {
			isa = PBXFrameworksBuildPhase;
			buildActionMask = 2147483647;
			files = (
			);
			runOnlyForDeploymentPostprocessing = 0;
		};
		843CA0101B326E1400E97BD4 /* Frameworks */ = {
			isa = PBXFrameworksBuildPhase;
			buildActionMask = 2147483647;
			files = (
			);
			runOnlyForDeploymentPostprocessing = 0;
		};
/* End PBXFrameworksBuildPhase section */

/* Begin PBXGroup section */
		843C9FEE1B326E1300E97BD4 = {
			isa = PBXGroup;
			children = (
				843C9FF91B326E1300E97BD4 /* git测试 */,
				843CA0161B326E1400E97BD4 /* git测试Tests */,
				843C9FF81B326E1300E97BD4 /* Products */,
			);
			sourceTree = "<group>";
		};
		843C9FF81B326E1300E97BD4 /* Products */ = {
			isa = PBXGroup;
			children = (
				843C9FF71B326E1300E97BD4 /* git测试.app */,
				843CA0131B326E1400E97BD4 /* git测试Tests.xctest */,
			);
			name = Products;
			sourceTree = "<group>";
		};
		843C9FF91B326E1300E97BD4 /* git测试 */ = {
			isa = PBXGroup;
			children = (
				843C9FFE1B326E1300E97BD4 /* AppDelegate.h */,
				843C9FFF1B326E1300E97BD4 /* AppDelegate.m */,
				843CA0041B326E1300E97BD4 /* ViewController.h */,
				843CA0051B326E1300E97BD4 /* ViewController.m */,
				843CA0071B326E1300E97BD4 /* Main.storyboard */,
				843CA00A1B326E1300E97BD4 /* Images.xcassets */,
				843CA00C1B326E1300E97BD4 /* LaunchScreen.xib */,
				843CA0011B326E1300E97BD4 /* git__.xcdatamodeld */,
				843C9FFA1B326E1300E97BD4 /* Supporting Files */,
			);
			path = "git测试";
			sourceTree = "<group>";
		};
		843C9FFA1B326E1300E97BD4 /* Supporting Files */ = {
			isa = PBXGroup;
			children = (
				843C9FFB1B326E1300E97BD4 /* Info.plist */,
				843C9FFC1B326E1300E97BD4 /* main.m */,
			);
			name = "Supporting Files";
			sourceTree = "<group>";
		};
		843CA0161B326E1400E97BD4 /* git测试Tests */ = {
			isa = PBXGroup;
			children = (
				843CA0191B326E1400E97BD4 /* git__Tests.m */,
				843CA0171B326E1400E97BD4 /* Supporting Files */,
			);
			path = "git测试Tests";
			sourceTree = "<group>";
		};
		843CA0171B326E1400E97BD4 /* Supporting Files */ = {
			isa = PBXGroup;
			children = (
				843CA0181B326E1400E97BD4 /* Info.plist */,
			);
			name = "Supporting Files";
			sourceTree = "<group>";
		};
/* End PBXGroup section */

/* Begin PBXNativeTarget section */
		843C9FF61B326E1300E97BD4 /* git测试 */ = {
			isa = PBXNativeTarget;
			buildConfigurationList = 843CA01D1B326E1400E97BD4 /* Build configuration list for PBXNativeTarget "git测试" */;
			buildPhases = (
				843C9FF31B326E1300E97BD4 /* Sources */,
				843C9FF41B326E1300E97BD4 /* Frameworks */,
				843C9FF51B326E1300E97BD4 /* Resources */,
			);
			buildRules = (
			);
			dependencies = (
			);
			name = "git测试";
			productName = "git测试";
			productReference = 843C9FF71B326E1300E97BD4 /* git测试.app */;
			productType = "com.apple.product-type.application";
		};
		843CA0121B326E1400E97BD4 /* git测试Tests */ = {
			isa = PBXNativeTarget;
			buildConfigurationList = 843CA0201B326E1400E97BD4 /* Build configuration list for PBXNativeTarget "git测试Tests" */;
			buildPhases = (
				843CA00F1B326E1400E97BD4 /* Sources */,
				843CA0101B326E1400E97BD4 /* Frameworks */,
				843CA0111B326E1400E97BD4 /* Resources */,
			);
			buildRules = (
			);
			dependencies = (
				843CA0151B326E1400E97BD4 /* PBXTargetDependency */,
			);
			name = "git测试Tests";
			productName = "git测试Tests";
			productReference = 843CA0131B326E1400E97BD4 /* git测试Tests.xctest */;
			productType = "com.apple.product-type.bundle.unit-test";
		};
/* End PBXNativeTarget section */

/* Begin PBXProject section */
		843C9FEF1B326E1300E97BD4 /* Project object */ = {
			isa = PBXProject;
			attributes = {
				LastUpgradeCheck = 0630;
				ORGANIZATIONNAME = dieshang;
				TargetAttributes = {
					843C9FF61B326E1300E97BD4 = {
						CreatedOnToolsVersion = 6.3.2;
					};
					843CA0121B326E1400E97BD4 = {
						CreatedOnToolsVersion = 6.3.2;
						TestTargetID = 843C9FF61B326E1300E97BD4;
					};
				};
			};
			buildConfigurationList = 843C9FF21B326E1300E97BD4 /* Build configuration list for PBXProject "git测试" */;
			compatibilityVersion = "Xcode 3.2";
			developmentRegion = English;
			hasScannedForEncodings = 0;
			knownRegions = (
				en,
				Base,
			);
			mainGroup = 843C9FEE1B326E1300E97BD4;
			productRefGroup = 843C9FF81B326E1300E97BD4 /* Products */;
			projectDirPath = "";
			projectRoot = "";
			targets = (
				843C9FF61B326E1300E97BD4 /* git测试 */,
				843CA0121B326E1400E97BD4 /* git测试Tests */,
			);
		};
/* End PBXProject section */

/* Begin PBXResourcesBuildPhase section */
		843C9FF51B326E1300E97BD4 /* Resources */ = {
			isa = PBXResourcesBuildPhase;
			buildActionMask = 2147483647;
			files = (
				843CA0091B326E1300E97BD4 /* Main.storyboard in Resources */,
				843CA00E1B326E1300E97BD4 /* LaunchScreen.xib in Resources */,
				843CA00B1B326E1300E97BD4 /* Images.xcassets in Resources */,
			);
			runOnlyForDeploymentPostprocessing = 0;
		};
		843CA0111B326E1400E97BD4 /* Resources */ = {
			isa = PBXResourcesBuildPhase;
			buildActionMask = 2147483647;
			files = (
			);
			runOnlyForDeploymentPostprocessing = 0;
		};
/* End PBXResourcesBuildPhase section */

/* Begin PBXSourcesBuildPhase section */
		843C9FF31B326E1300E97BD4 /* Sources */ = {
			isa = PBXSourcesBuildPhase;
			buildActionMask = 2147483647;
			files = (
				843CA0031B326E1300E97BD4 /* git__.xcdatamodeld in Sources */,
				843CA0001B326E1300E97BD4 /* AppDelegate.m in Sources */,
				843CA0061B326E1300E97BD4 /* ViewController.m in Sources */,
				843C9FFD1B326E1300E97BD4 /* main.m in Sources */,
			);
			runOnlyForDeploymentPostprocessing = 0;
		};
		843CA00F1B326E1400E97BD4 /* Sources */ = {
			isa = PBXSourcesBuildPhase;
			buildActionMask = 2147483647;
			files = (
				843CA01A1B326E1400E97BD4 /* git__Tests.m in Sources */,
			);
			runOnlyForDeploymentPostprocessing = 0;
		};
/* End PBXSourcesBuildPhase section */

/* Begin PBXTargetDependency section */
		843CA0151B326E1400E97BD4 /* PBXTargetDependency */ = {
			isa = PBXTargetDependency;
			target = 843C9FF61B326E1300E97BD4 /* git测试 */;
			targetProxy = 843CA0141B326E1400E97BD4 /* PBXContainerItemProxy */;
		};
/* End PBXTargetDependency section */

/* Begin PBXVariantGroup section */
		843CA0071B326E1300E97BD4 /* Main.storyboard */ = {
			isa = PBXVariantGroup;
			children = (
				843CA0081B326E1300E97BD4 /* Base */,
			);
			name = Main.storyboard;
			sourceTree = "<group>";
		};
		843CA00C1B326E1300E97BD4 /* LaunchScreen.xib */ = {
			isa = PBXVariantGroup;
			children = (
				843CA00D1B326E1300E97BD4 /* Base */,
			);
			name = LaunchScreen.xib;
			sourceTree = "<group>";
		};
/* End PBXVariantGroup section */

/* Begin XCBuildConfiguration section */
		843CA01B1B326E1400E97BD4 /* Debug */ = {
			isa = XCBuildConfiguration;
			buildSettings = {
				ALWAYS_SEARCH_USER_PATHS = NO;
				CLANG_CXX_LANGUAGE_STANDARD = "gnu++0x";
				CLANG_CXX_LIBRARY = "libc++";
				CLANG_ENABLE_MODULES = YES;
				CLANG_ENABLE_OBJC_ARC = YES;
				CLANG_WARN_BOOL_CONVERSION = YES;
				CLANG_WARN_CONSTANT_CONVERSION = YES;
				CLANG_WARN_DIRECT_OBJC_ISA_USAGE = YES_ERROR;
				CLANG_WARN_EMPTY_BODY = YES;
				CLANG_WARN_ENUM_CONVERSION = YES;
				CLANG_WARN_INT_CONVERSION = YES;
				CLANG_WARN_OBJC_ROOT_CLASS = YES_ERROR;
				CLANG_WARN_UNREACHABLE_CODE = YES;
				CLANG_WARN__DUPLICATE_METHOD_MATCH = YES;
				"CODE_SIGN_IDENTITY[sdk=iphoneos*]" = "iPhone Developer";
				COPY_PHASE_STRIP = NO;
				DEBUG_INFORMATION_FORMAT = "dwarf-with-dsym";
				ENABLE_STRICT_OBJC_MSGSEND = YES;
				GCC_C_LANGUAGE_STANDARD = gnu99;
				GCC_DYNAMIC_NO_PIC = NO;
				GCC_NO_COMMON_BLOCKS = YES;
				GCC_OPTIMIZATION_LEVEL = 0;
				GCC_PREPROCESSOR_DEFINITIONS = (
					"DEBUG=1",
					"$(inherited)",
				);
				GCC_SYMBOLS_PRIVATE_EXTERN = NO;
				GCC_WARN_64_TO_32_BIT_CONVERSION = YES;
				GCC_WARN_ABOUT_RETURN_TYPE = YES_ERROR;
				GCC_WARN_UNDECLARED_SELECTOR = YES;
				GCC_WARN_UNINITIALIZED_AUTOS = YES_AGGRESSIVE;
				GCC_WARN_UNUSED_FUNCTION = YES;
				GCC_WARN_UNUSED_VARIABLE = YES;
				IPHONEOS_DEPLOYMENT_TARGET = 8.3;
				MTL_ENABLE_DEBUG_INFO = YES;
				ONLY_ACTIVE_ARCH = YES;
				SDKROOT = iphoneos;
			};
			name = Debug;
		};
		843CA01C1B326E1400E97BD4 /* Release */ = {
			isa = XCBuildConfiguration;
			buildSettings = {
				ALWAYS_SEARCH_USER_PATHS = NO;
				CLANG_CXX_LANGUAGE_STANDARD = "gnu++0x";
				CLANG_CXX_LIBRARY = "libc++";
				CLANG_ENABLE_MODULES = YES;
				CLANG_ENABLE_OBJC_ARC = YES;
				CLANG_WARN_BOOL_CONVERSION = YES;
				CLANG_WARN_CONSTANT_CONVERSION = YES;
				CLANG_WARN_DIRECT_OBJC_ISA_USAGE = YES_ERROR;
				CLANG_WARN_EMPTY_BODY = YES;
				CLANG_WARN_ENUM_CONVERSION = YES;
				CLANG_WARN_INT_CONVERSION = YES;
				CLANG_WARN_OBJC_ROOT_CLASS = YES_ERROR;
				CLANG_WARN_UNREACHABLE_CODE = YES;
				CLANG_WARN__DUPLICATE_METHOD_MATCH = YES;
				"CODE_SIGN_IDENTITY[sdk=iphoneos*]" = "iPhone Developer";
				COPY_PHASE_STRIP = NO;
				DEBUG_INFORMATION_FORMAT = "dwarf-with-dsym";
				ENABLE_NS_ASSERTIONS = NO;
				ENABLE_STRICT_OBJC_MSGSEND = YES;
				GCC_C_LANGUAGE_STANDARD = gnu99;
				GCC_NO_COMMON_BLOCKS = YES;
				GCC_WARN_64_TO_32_BIT_CONVERSION = YES;
				GCC_WARN_ABOUT_RETURN_TYPE = YES_ERROR;
				GCC_WARN_UNDECLARED_SELECTOR = YES;
				GCC_WARN_UNINITIALIZED_AUTOS = YES_AGGRESSIVE;
				GCC_WARN_UNUSED_FUNCTION = YES;
				GCC_WARN_UNUSED_VARIABLE = YES;
				IPHONEOS_DEPLOYMENT_TARGET = 8.3;
				MTL_ENABLE_DEBUG_INFO = NO;
				SDKROOT = iphoneos;
				VALIDATE_PRODUCT = YES;
			};
			name = Release;
		};
		843CA01E1B326E1400E97BD4 /* Debug */ = {
			isa = XCBuildConfiguration;
			buildSettings = {
				ASSETCATALOG_COMPILER_APPICON_NAME = AppIcon;
				INFOPLIST_FILE = "git测试/Info.plist";
				LD_RUNPATH_SEARCH_PATHS = "$(inherited) @executable_path/Frameworks";
				PRODUCT_NAME = "$(TARGET_NAME)";
			};
			name = Debug;
		};
		843CA01F1B326E1400E97BD4 /* Release */ = {
			isa = XCBuildConfiguration;
			buildSettings = {
				ASSETCATALOG_COMPILER_APPICON_NAME = AppIcon;
				INFOPLIST_FILE = "git测试/Info.plist";
				LD_RUNPATH_SEARCH_PATHS = "$(inherited) @executable_path/Frameworks";
				PRODUCT_NAME = "$(TARGET_NAME)";
			};
			name = Release;
		};
		843CA0211B326E1400E97BD4 /* Debug */ = {
			isa = XCBuildConfiguration;
			buildSettings = {
				BUNDLE_LOADER = "$(TEST_HOST)";
				FRAMEWORK_SEARCH_PATHS = (
					"$(SDKROOT)/Developer/Library/Frameworks",
					"$(inherited)",
				);
				GCC_PREPROCESSOR_DEFINITIONS = (
					"DEBUG=1",
					"$(inherited)",
				);
				INFOPLIST_FILE = "git测试Tests/Info.plist";
				LD_RUNPATH_SEARCH_PATHS = "$(inherited) @executable_path/Frameworks @loader_path/Frameworks";
				PRODUCT_NAME = "$(TARGET_NAME)";
				TEST_HOST = "$(BUILT_PRODUCTS_DIR)/git测试.app/git测试";
			};
			name = Debug;
		};
		843CA0221B326E1400E97BD4 /* Release */ = {
			isa = XCBuildConfiguration;
			buildSettings = {
				BUNDLE_LOADER = "$(TEST_HOST)";
				FRAMEWORK_SEARCH_PATHS = (
					"$(SDKROOT)/Developer/Library/Frameworks",
					"$(inherited)",
				);
				INFOPLIST_FILE = "git测试Tests/Info.plist";
				LD_RUNPATH_SEARCH_PATHS = "$(inherited) @executable_path/Frameworks @loader_path/Frameworks";
				PRODUCT_NAME = "$(TARGET_NAME)";
				TEST_HOST = "$(BUILT_PRODUCTS_DIR)/git测试.app/git测试";
			};
			name = Release;
		};
/* End XCBuildConfiguration section */

/* Begin XCConfigurationList section */
		843C9FF21B326E1300E97BD4 /* Build configuration list for PBXProject "git测试" */ = {
			isa = XCConfigurationList;
			buildConfigurations = (
				843CA01B1B326E1400E97BD4 /* Debug */,
				843CA01C1B326E1400E97BD4 /* Release */,
			);
			defaultConfigurationIsVisible = 0;
			defaultConfigurationName = Release;
		};
		843CA01D1B326E1400E97BD4 /* Build configuration list for PBXNativeTarget "git测试" */ = {
			isa = XCConfigurationList;
			buildConfigurations = (
				843CA01E1B326E1400E97BD4 /* Debug */,
				843CA01F1B326E1400E97BD4 /* Release */,
			);
			defaultConfigurationIsVisible = 0;
		};
		843CA0201B326E1400E97BD4 /* Build configuration list for PBXNativeTarget "git测试Tests" */ = {
			isa = XCConfigurationList;
			buildConfigurations = (
				843CA0211B326E1400E97BD4 /* Debug */,
				843CA0221B326E1400E97BD4 /* Release */,
			);
			defaultConfigurationIsVisible = 0;
		};
/* End XCConfigurationList section */

/* Begin XCVersionGroup section */
		843CA0011B326E1300E97BD4 /* git__.xcdatamodeld */ = {
			isa = XCVersionGroup;
			children = (
				843CA0021B326E1300E97BD4 /* git__.xcdatamodel */,
			);
			currentVersion = 843CA0021B326E1300E97BD4 /* git__.xcdatamodel */;
			path = git__.xcdatamodeld;
			sourceTree = "<group>";
			versionGroupType = wrapper.xcdatamodel;
		};
/* End XCVersionGroup section */
	};
	rootObject = 843C9FEF1B326E1300E97BD4 /* Project object */;
}
